
Microsoft Visual Studio Solution File, Format Version 12.00
# Visual Studio Version 16
VisualStudioVersion = 16.0.29409.12
MinimumVisualStudioVersion = 10.0.40219.1
Project("{FAE04EC0-301F-11D3-BF4B-00C04F79EFBC}") = "Lab2", "Lab2\Lab2.csproj", "{4294E6FA-135D-4D16-BA9B-C34339E2DD01}"
EndProject
Global
	GlobalSection(SolutionConfigurationPlatforms) = preSolution
		Debug|Any CPU = Debug|Any CPU
		Release|Any CPU = Release|Any CPU
	EndGlobalSection
	GlobalSection(ProjectConfigurationPlatforms) = postSolution
		{4294E6FA-135D-4D16-BA9B-C34339E2DD01}.Debug|Any CPU.ActiveCfg = Debug|Any CPU
		{4294E6FA-135D-4D16-BA9B-C34339E2DD01}.Debug|Any CPU.Build.0 = Debug|Any CPU
		{4294E6FA-135D-4D16-BA9B-C34339E2DD01}.Release|Any CPU.ActiveCfg = Release|Any CPU
		{4294E6FA-135D-4D16-BA9B-C34339E2DD01}.Release|Any CPU.Build.0 = Release|Any CPU
	EndGlobalSection
	GlobalSection(SolutionProperties) = preSolution
		HideSolutionNode = FALSE
	EndGlobalSection
	GlobalSection(ExtensibilityGlobals) = postSolution
		SolutionGuid = {B2EAF099-FE68-4068-B1D1-D739AC50032F}
	EndGlobalSection
EndGlobal
