
Microsoft Visual Studio Solution File, Format Version 12.00
# Visual Studio Version 16
VisualStudioVersion = 16.0.29424.173
MinimumVisualStudioVersion = 10.0.40219.1
Project("{FAE04EC0-301F-11D3-BF4B-00C04F79EFBC}") = "Lab3", "Lab3\Lab3.csproj", "{7A1784C3-D6AB-4F7B-80E3-670C71C7A8B7}"
EndProject
Project("{FAE04EC0-301F-11D3-BF4B-00C04F79EFBC}") = "SignalProcessing", "SignalProcessing\SignalProcessing.csproj", "{EA8D60FA-5972-4D49-99E0-567740DFFF43}"
EndProject
Project("{FAE04EC0-301F-11D3-BF4B-00C04F79EFBC}") = "ConsolveTest", "ConsolveTest\ConsolveTest.csproj", "{4140B8D6-56B2-4406-9480-D551FDE4447A}"
EndProject
Global
	GlobalSection(SolutionConfigurationPlatforms) = preSolution
		Debug|Any CPU = Debug|Any CPU
		Release|Any CPU = Release|Any CPU
	EndGlobalSection
	GlobalSection(ProjectConfigurationPlatforms) = postSolution
		{7A1784C3-D6AB-4F7B-80E3-670C71C7A8B7}.Debug|Any CPU.ActiveCfg = Debug|Any CPU
		{7A1784C3-D6AB-4F7B-80E3-670C71C7A8B7}.Debug|Any CPU.Build.0 = Debug|Any CPU
		{7A1784C3-D6AB-4F7B-80E3-670C71C7A8B7}.Release|Any CPU.ActiveCfg = Release|Any CPU
		{7A1784C3-D6AB-4F7B-80E3-670C71C7A8B7}.Release|Any CPU.Build.0 = Release|Any CPU
		{EA8D60FA-5972-4D49-99E0-567740DFFF43}.Debug|Any CPU.ActiveCfg = Debug|Any CPU
		{EA8D60FA-5972-4D49-99E0-567740DFFF43}.Debug|Any CPU.Build.0 = Debug|Any CPU
		{EA8D60FA-5972-4D49-99E0-567740DFFF43}.Release|Any CPU.ActiveCfg = Release|Any CPU
		{EA8D60FA-5972-4D49-99E0-567740DFFF43}.Release|Any CPU.Build.0 = Release|Any CPU
		{4140B8D6-56B2-4406-9480-D551FDE4447A}.Debug|Any CPU.ActiveCfg = Debug|Any CPU
		{4140B8D6-56B2-4406-9480-D551FDE4447A}.Debug|Any CPU.Build.0 = Debug|Any CPU
		{4140B8D6-56B2-4406-9480-D551FDE4447A}.Release|Any CPU.ActiveCfg = Release|Any CPU
		{4140B8D6-56B2-4406-9480-D551FDE4447A}.Release|Any CPU.Build.0 = Release|Any CPU
	EndGlobalSection
	GlobalSection(SolutionProperties) = preSolution
		HideSolutionNode = FALSE
	EndGlobalSection
	GlobalSection(ExtensibilityGlobals) = postSolution
		SolutionGuid = {1ED2DF0B-F456-41EF-B1F4-C479536B80A5}
	EndGlobalSection
EndGlobal
